{
  "name": "eleventy-plugin-embed-everything",
  "version": "1.4.0",
  "lockfileVersion": 1,
  "requires": true,
  "dependencies": {
    "bent": {
      "version": "7.3.0",
      "resolved": "https://registry.npmjs.org/bent/-/bent-7.3.0.tgz",
      "integrity": "sha512-ROfdGmcW1shnkiV/PZhj2Gw0+TiIfBYYs40QBBFYszdd2f2D07zLOTDQm5D411srCacR3Wt5mjLstv0OMmtmFQ==",
      "requires": {
        "bytesish": "^0.4.1",
        "caseless": "~0.12.0",
        "is-stream": "^2.0.0"
      }
    },
    "bytesish": {
      "version": "0.4.1",
      "resolved": "https://registry.npmjs.org/bytesish/-/bytesish-0.4.1.tgz",
      "integrity": "sha512-j3l5QmnAbpOfcN/Z2Jcv4poQYfefs8rDdcbc6iEKm+OolvUXAE2APodpWj+DOzqX6Bl5Ys1cQkcIV2/doGvQxg=="
    },
    "caseless": {
      "version": "0.12.0",
      "resolved": "https://registry.npmjs.org/caseless/-/caseless-0.12.0.tgz",
      "integrity": "sha1-G2gcIf+EAzyCZUMJBolCDRhxUdw="
    },
    "eleventy-plugin-embed-instagram": {
      "version": "1.1.0",
      "resolved": "https://registry.npmjs.org/eleventy-plugin-embed-instagram/-/eleventy-plugin-embed-instagram-1.1.0.tgz",
      "integrity": "sha512-7/TPt9tiv3riHetNYmLl2vm5Vi+g+5Ez6r3uhE21cKAV+mOe8tKQozU54ai79+b9Tq14cSVScRwNklpvyeuDDw=="
    },
    "eleventy-plugin-embed-soundcloud": {
      "version": "1.0.0",
      "resolved": "https://registry.npmjs.org/eleventy-plugin-embed-soundcloud/-/eleventy-plugin-embed-soundcloud-1.0.0.tgz",
      "integrity": "sha512-t+143N/FGYv09dvcQpw2F8uCrd1m5sXhGg6/lERHKiwmXKSA0399GBoJ4qBkSQm/33ZJz82fBFGCwqqyaq1GPA==",
      "requires": {
        "bent": "^7.1.2",
        "parse-path": "^4.0.1"
      }
    },
    "eleventy-plugin-embed-spotify": {
      "version": "1.0.1",
      "resolved": "https://registry.npmjs.org/eleventy-plugin-embed-spotify/-/eleventy-plugin-embed-spotify-1.0.1.tgz",
      "integrity": "sha512-O7OhUp3U8Z0yBwcgQy296C5wkD+F4la8YrB6/x6TnuxgBCVhPwo9DaDmls8ey/eUGiOXT3E37F/1g/H4up0LdQ=="
    },
    "eleventy-plugin-embed-twitch": {
      "version": "1.0.0",
      "resolved": "https://registry.npmjs.org/eleventy-plugin-embed-twitch/-/eleventy-plugin-embed-twitch-1.0.0.tgz",
      "integrity": "sha512-VEH5VlN8nTxfqiLy9B5EGM2l2HF6g+IMfPQwcMCEeIBcvKSvoBeCECEPpaglu7xvJJm0ru4ePwiybP6sLlIUvA=="
    },
    "eleventy-plugin-vimeo-embed": {
      "version": "1.1.0",
      "resolved": "https://registry.npmjs.org/eleventy-plugin-vimeo-embed/-/eleventy-plugin-vimeo-embed-1.1.0.tgz",
      "integrity": "sha512-6StGnkQFLiuYi1Tq3/iKI0MlAXCGhoiCtp+qcurm1gHJZGnuOcli25CEYXwhM2pJQ8ooGSKBkJxFgrN0KmuB/Q=="
    },
    "eleventy-plugin-youtube-embed": {
      "version": "1.3.0",
      "resolved": "https://registry.npmjs.org/eleventy-plugin-youtube-embed/-/eleventy-plugin-youtube-embed-1.3.0.tgz",
      "integrity": "sha512-MgqyMfFbpZqVGiYcEw/FVKbIwsMHTskCUIdJrY1Hhq3VMq532+fryGqV9bE3jjPOmB36EOaCYnAEEEavDAxeeQ=="
    },
    "is-ssh": {
      "version": "1.3.1",
      "resolved": "https://registry.npmjs.org/is-ssh/-/is-ssh-1.3.1.tgz",
      "integrity": "sha512-0eRIASHZt1E68/ixClI8bp2YK2wmBPVWEismTs6M+M099jKgrzl/3E976zIbImSIob48N2/XGe9y7ZiYdImSlg==",
      "requires": {
        "protocols": "^1.1.0"
      }
    },
    "is-stream": {
      "version": "2.0.0",
      "resolved": "https://registry.npmjs.org/is-stream/-/is-stream-2.0.0.tgz",
      "integrity": "sha512-XCoy+WlUr7d1+Z8GgSuXmpuUFC9fOhRXglJMx+dwLKTkL44Cjd4W1Z5P+BQZpr+cR93aGP4S/s7Ftw6Nd/kiEw=="
    },
    "parse-path": {
      "version": "4.0.1",
      "resolved": "https://registry.npmjs.org/parse-path/-/parse-path-4.0.1.tgz",
      "integrity": "sha512-d7yhga0Oc+PwNXDvQ0Jv1BuWkLVPXcAoQ/WREgd6vNNoKYaW52KI+RdOFjI63wjkmps9yUE8VS4veP+AgpQ/hA==",
      "requires": {
        "is-ssh": "^1.3.0",
        "protocols": "^1.4.0"
      }
    },
    "protocols": {
      "version": "1.4.7",
      "resolved": "https://registry.npmjs.org/protocols/-/protocols-1.4.7.tgz",
      "integrity": "sha512-Fx65lf9/YDn3hUX08XUc0J8rSux36rEsyiv21ZGUC1mOyeM3lTRpZLcrm8aAolzS4itwVfm7TAPyxC2E5zd6xg=="
    }
  }
}
