{
  "name": "eleventy-plugin-embed-everything",
  "version": "1.7.0",
  "lockfileVersion": 1,
  "requires": true,
  "dependencies": {
    "bent": {
      "version": "7.3.2",
      "resolved": "https://registry.npmjs.org/bent/-/bent-7.3.2.tgz",
      "integrity": "sha512-iI9r7tiiaWX8tToVBskcfU7omPb3Z1GoLhPZ1gqJD/K8jtHlPNB9dsD2RqiLc4xYOawsCzP8psnSuILN3PK9dg==",
      "requires": {
        "bytesish": "^0.4.1",
        "caseless": "~0.12.0",
        "is-stream": "^2.0.0"
      }
    },
    "bytesish": {
      "version": "0.4.1",
      "resolved": "https://registry.npmjs.org/bytesish/-/bytesish-0.4.1.tgz",
      "integrity": "sha512-j3l5QmnAbpOfcN/Z2Jcv4poQYfefs8rDdcbc6iEKm+OolvUXAE2APodpWj+DOzqX6Bl5Ys1cQkcIV2/doGvQxg=="
    },
    "caseless": {
      "version": "0.12.0",
      "resolved": "https://registry.npmjs.org/caseless/-/caseless-0.12.0.tgz",
      "integrity": "sha1-G2gcIf+EAzyCZUMJBolCDRhxUdw="
    },
    "eleventy-plugin-embed-instagram": {
      "version": "1.1.3",
      "resolved": "https://registry.npmjs.org/eleventy-plugin-embed-instagram/-/eleventy-plugin-embed-instagram-1.1.3.tgz",
      "integrity": "sha512-cB5YOK0NvDjhL6nwAzl3tuHYYV1qBe7C+fFBnCRK8BqGnBynf8ULcLyXnAUCs+7+CjV3lk8sBDHJizr7Uk7lag=="
    },
    "eleventy-plugin-embed-soundcloud": {
      "version": "1.0.2",
      "resolved": "https://registry.npmjs.org/eleventy-plugin-embed-soundcloud/-/eleventy-plugin-embed-soundcloud-1.0.2.tgz",
      "integrity": "sha512-JPR0PdM12V+tCLd9AJCNK6UX4Q/8TnKDdQNNvgHnxkIUIqTNdj+f62BcDrAUznOLHTS1D1mqyL+mpbtDK+8ToQ==",
      "requires": {
        "bent": "^7.1.2",
        "parse-path": "^4.0.1"
      }
    },
    "eleventy-plugin-embed-spotify": {
      "version": "1.1.2",
      "resolved": "https://registry.npmjs.org/eleventy-plugin-embed-spotify/-/eleventy-plugin-embed-spotify-1.1.2.tgz",
      "integrity": "sha512-MIwivl3h/XYSQApmJgPLpAE0uemQ27DFZVbnMCK7fC7Wf7YoVe4koERivn2HSjfymDOzNcLc5yvQJZcndNOfyw=="
    },
    "eleventy-plugin-embed-tiktok": {
      "version": "1.0.2",
      "resolved": "https://registry.npmjs.org/eleventy-plugin-embed-tiktok/-/eleventy-plugin-embed-tiktok-1.0.2.tgz",
      "integrity": "sha512-/ug2zMNCNdWLv0v8edmMVlPRuyQXJb1x3Mma7o8SVFJPi9/6CqM6xcbHPOLuhftp2IfI09i2aHTSDUAZOOVUhw=="
    },
    "eleventy-plugin-embed-twitch": {
      "version": "1.0.1",
      "resolved": "https://registry.npmjs.org/eleventy-plugin-embed-twitch/-/eleventy-plugin-embed-twitch-1.0.1.tgz",
      "integrity": "sha512-UQFMy837xkhJe0tcgaEo5x2jkY4ziUpdTwDXz+ehiGuPgXjKshQTgCmuO+qLOcndSaXm6MGfWhgb0pxaB5od6A=="
    },
    "eleventy-plugin-vimeo-embed": {
      "version": "1.1.2",
      "resolved": "https://registry.npmjs.org/eleventy-plugin-vimeo-embed/-/eleventy-plugin-vimeo-embed-1.1.2.tgz",
      "integrity": "sha512-qMvA/iU+RjSpQe61BO8H3yfacHZkL1t2M1ivc3OZDAlXT/gCdhCFRi1Vu8o+3V4xd7+EsnkT9UydV8caorWd9A=="
    },
    "eleventy-plugin-youtube-embed": {
      "version": "1.4.0",
      "resolved": "https://registry.npmjs.org/eleventy-plugin-youtube-embed/-/eleventy-plugin-youtube-embed-1.4.0.tgz",
      "integrity": "sha512-Plb+AiQ28jMgGSUAfKqiWfLcyuc8lp3NqsxI24mrH/RTLlM3REb2SLz1SfVQ5PKy3mDe+VdWZKlupbWYzmY3NA=="
    },
    "is-ssh": {
      "version": "1.3.1",
      "resolved": "https://registry.npmjs.org/is-ssh/-/is-ssh-1.3.1.tgz",
      "integrity": "sha512-0eRIASHZt1E68/ixClI8bp2YK2wmBPVWEismTs6M+M099jKgrzl/3E976zIbImSIob48N2/XGe9y7ZiYdImSlg==",
      "requires": {
        "protocols": "^1.1.0"
      }
    },
    "is-stream": {
      "version": "2.0.0",
      "resolved": "https://registry.npmjs.org/is-stream/-/is-stream-2.0.0.tgz",
      "integrity": "sha512-XCoy+WlUr7d1+Z8GgSuXmpuUFC9fOhRXglJMx+dwLKTkL44Cjd4W1Z5P+BQZpr+cR93aGP4S/s7Ftw6Nd/kiEw=="
    },
    "parse-path": {
      "version": "4.0.1",
      "resolved": "https://registry.npmjs.org/parse-path/-/parse-path-4.0.1.tgz",
      "integrity": "sha512-d7yhga0Oc+PwNXDvQ0Jv1BuWkLVPXcAoQ/WREgd6vNNoKYaW52KI+RdOFjI63wjkmps9yUE8VS4veP+AgpQ/hA==",
      "requires": {
        "is-ssh": "^1.3.0",
        "protocols": "^1.4.0"
      }
    },
    "protocols": {
      "version": "1.4.7",
      "resolved": "https://registry.npmjs.org/protocols/-/protocols-1.4.7.tgz",
      "integrity": "sha512-Fx65lf9/YDn3hUX08XUc0J8rSux36rEsyiv21ZGUC1mOyeM3lTRpZLcrm8aAolzS4itwVfm7TAPyxC2E5zd6xg=="
    }
  }
}
