{
  "name": "eleventy-plugin-embed-everything",
  "version": "1.0.0",
  "lockfileVersion": 1,
  "requires": true,
  "dependencies": {
    "eleventy-plugin-instagram-embed": {
      "version": "file:../eleventy-plugin-instagram-embed"
    },
    "eleventy-plugin-youtube-embed": {
      "version": "1.1.1",
      "resolved": "https://registry.npmjs.org/eleventy-plugin-youtube-embed/-/eleventy-plugin-youtube-embed-1.1.1.tgz",
      "integrity": "sha512-F6cKNzzJKAsNQTo1tY/OE68zWqo6tgYJXvlzrxQbpYZ24SoFTwi6/8BGz0veohyzqYCsyAcceL1QnbMLMSrPzw=="
    }
  }
}
